
Microsoft Visual Studio Solution File, Format Version 12.00
# Visual Studio Version 17
VisualStudioVersion = 17.11.35222.181
MinimumVisualStudioVersion = 10.0.40219.1
Project("{9A19103F-16F7-4668-BE54-9A1E7A4F7556}") = "Expense Tracker", "Expense Tracker\Expense Tracker.csproj", "{EE52CB71-FB79-48C1-98DB-6DFEFA5A95CF}"
EndProject
Global
	GlobalSection(SolutionConfigurationPlatforms) = preSolution
		Debug|Any CPU = Debug|Any CPU
		Release|Any CPU = Release|Any CPU
	EndGlobalSection
	GlobalSection(ProjectConfigurationPlatforms) = postSolution
		{EE52CB71-FB79-48C1-98DB-6DFEFA5A95CF}.Debug|Any CPU.ActiveCfg = Debug|Any CPU
		{EE52CB71-FB79-48C1-98DB-6DFEFA5A95CF}.Debug|Any CPU.Build.0 = Debug|Any CPU
		{EE52CB71-FB79-48C1-98DB-6DFEFA5A95CF}.Release|Any CPU.ActiveCfg = Release|Any CPU
		{EE52CB71-FB79-48C1-98DB-6DFEFA5A95CF}.Release|Any CPU.Build.0 = Release|Any CPU
	EndGlobalSection
	GlobalSection(SolutionProperties) = preSolution
		HideSolutionNode = FALSE
	EndGlobalSection
	GlobalSection(ExtensibilityGlobals) = postSolution
		SolutionGuid = {DAC431E2-141A-4899-9580-6188C115A5F8}
	EndGlobalSection
EndGlobal
